// !$*UTF8*$!
{
	archiveVersion = 1;
	classes = {
	};
	objectVersion = 51;
	objects = {

/* Begin PBXBuildFile section */
		1E00B5F49859EA26B76869A9 /* Pods_taskapp.framework in Frameworks */ = {isa = PBXBuildFile; fileRef = 591F373F03844BDC6A8EE209 /* Pods_taskapp.framework */; };
		DE6276C226F9FD8300E089B1 /* AppDelegate.swift in Sources */ = {isa = PBXBuildFile; fileRef = DE6276C126F9FD8300E089B1 /* AppDelegate.swift */; };
		DE6276C426F9FD8300E089B1 /* SceneDelegate.swift in Sources */ = {isa = PBXBuildFile; fileRef = DE6276C326F9FD8300E089B1 /* SceneDelegate.swift */; };
		DE6276C626F9FD8300E089B1 /* ViewController.swift in Sources */ = {isa = PBXBuildFile; fileRef = DE6276C526F9FD8300E089B1 /* ViewController.swift */; };
		DE6276C926F9FD8300E089B1 /* Main.storyboard in Resources */ = {isa = PBXBuildFile; fileRef = DE6276C726F9FD8300E089B1 /* Main.storyboard */; };
		DE6276CB26F9FD8400E089B1 /* Assets.xcassets in Resources */ = {isa = PBXBuildFile; fileRef = DE6276CA26F9FD8400E089B1 /* Assets.xcassets */; };
		DE6276CE26F9FD8400E089B1 /* LaunchScreen.storyboard in Resources */ = {isa = PBXBuildFile; fileRef = DE6276CC26F9FD8400E089B1 /* LaunchScreen.storyboard */; };
		DE7C4DBB270C568B0088E1A0 /* Category.swift in Sources */ = {isa = PBXBuildFile; fileRef = DE7C4DBA270C568B0088E1A0 /* Category.swift */; };
		DEA908A626FBF0100082BF24 /* InputViewController.swift in Sources */ = {isa = PBXBuildFile; fileRef = DEA908A526FBF0100082BF24 /* InputViewController.swift */; };
		DEA908A826FC0BB90082BF24 /* Task.swift in Sources */ = {isa = PBXBuildFile; fileRef = DEA908A726FC0BB90082BF24 /* Task.swift */; };
/* End PBXBuildFile section */

/* Begin PBXFileReference section */
		591F373F03844BDC6A8EE209 /* Pods_taskapp.framework */ = {isa = PBXFileReference; explicitFileType = wrapper.framework; includeInIndex = 0; path = Pods_taskapp.framework; sourceTree = BUILT_PRODUCTS_DIR; };
		CBB70D5DEB1B0287605E39D6 /* Pods-taskapp.release.xcconfig */ = {isa = PBXFileReference; includeInIndex = 1; lastKnownFileType = text.xcconfig; name = "Pods-taskapp.release.xcconfig"; path = "Target Support Files/Pods-taskapp/Pods-taskapp.release.xcconfig"; sourceTree = "<group>"; };
		D0BB71A33ED0C9D8566FA8A5 /* Pods-taskapp.debug.xcconfig */ = {isa = PBXFileReference; includeInIndex = 1; lastKnownFileType = text.xcconfig; name = "Pods-taskapp.debug.xcconfig"; path = "Target Support Files/Pods-taskapp/Pods-taskapp.debug.xcconfig"; sourceTree = "<group>"; };
		DE6276BE26F9FD8300E089B1 /* taskapp.app */ = {isa = PBXFileReference; explicitFileType = wrapper.application; includeInIndex = 0; path = taskapp.app; sourceTree = BUILT_PRODUCTS_DIR; };
		DE6276C126F9FD8300E089B1 /* AppDelegate.swift */ = {isa = PBXFileReference; lastKnownFileType = sourcecode.swift; path = AppDelegate.swift; sourceTree = "<group>"; };
		DE6276C326F9FD8300E089B1 /* SceneDelegate.swift */ = {isa = PBXFileReference; lastKnownFileType = sourcecode.swift; path = SceneDelegate.swift; sourceTree = "<group>"; };
		DE6276C526F9FD8300E089B1 /* ViewController.swift */ = {isa = PBXFileReference; lastKnownFileType = sourcecode.swift; path = ViewController.swift; sourceTree = "<group>"; };
		DE6276C826F9FD8300E089B1 /* Base */ = {isa = PBXFileReference; lastKnownFileType = file.storyboard; name = Base; path = Base.lproj/Main.storyboard; sourceTree = "<group>"; };
		DE6276CA26F9FD8400E089B1 /* Assets.xcassets */ = {isa = PBXFileReference; lastKnownFileType = folder.assetcatalog; path = Assets.xcassets; sourceTree = "<group>"; };
		DE6276CD26F9FD8400E089B1 /* Base */ = {isa = PBXFileReference; lastKnownFileType = file.storyboard; name = Base; path = Base.lproj/LaunchScreen.storyboard; sourceTree = "<group>"; };
		DE6276CF26F9FD8400E089B1 /* Info.plist */ = {isa = PBXFileReference; lastKnownFileType = text.plist.xml; path = Info.plist; sourceTree = "<group>"; };
		DE7C4DBA270C568B0088E1A0 /* Category.swift */ = {isa = PBXFileReference; lastKnownFileType = sourcecode.swift; path = Category.swift; sourceTree = "<group>"; };
		DEA908A526FBF0100082BF24 /* InputViewController.swift */ = {isa = PBXFileReference; lastKnownFileType = sourcecode.swift; path = InputViewController.swift; sourceTree = "<group>"; };
		DEA908A726FC0BB90082BF24 /* Task.swift */ = {isa = PBXFileReference; lastKnownFileType = sourcecode.swift; path = Task.swift; sourceTree = "<group>"; };
/* End PBXFileReference section */

/* Begin PBXFrameworksBuildPhase section */
		DE6276BB26F9FD8300E089B1 /* Frameworks */ = {
			isa = PBXFrameworksBuildPhase;
			buildActionMask = 2147483647;
			files = (
				1E00B5F49859EA26B76869A9 /* Pods_taskapp.framework in Frameworks */,
			);
			runOnlyForDeploymentPostprocessing = 0;
		};
/* End PBXFrameworksBuildPhase section */

/* Begin PBXGroup section */
		A4ED076914DF99D50E7383E2 /* Frameworks */ = {
			isa = PBXGroup;
			children = (
				591F373F03844BDC6A8EE209 /* Pods_taskapp.framework */,
			);
			name = Frameworks;
			sourceTree = "<group>";
		};
		DE6276B526F9FD8300E089B1 = {
			isa = PBXGroup;
			children = (
				DE6276C026F9FD8300E089B1 /* taskapp */,
				DE6276BF26F9FD8300E089B1 /* Products */,
				F20DABE23479C90FEF95639C /* Pods */,
				A4ED076914DF99D50E7383E2 /* Frameworks */,
			);
			sourceTree = "<group>";
		};
		DE6276BF26F9FD8300E089B1 /* Products */ = {
			isa = PBXGroup;
			children = (
				DE6276BE26F9FD8300E089B1 /* taskapp.app */,
			);
			name = Products;
			sourceTree = "<group>";
		};
		DE6276C026F9FD8300E089B1 /* taskapp */ = {
			isa = PBXGroup;
			children = (
				DE6276C126F9FD8300E089B1 /* AppDelegate.swift */,
				DE6276C326F9FD8300E089B1 /* SceneDelegate.swift */,
				DE6276C526F9FD8300E089B1 /* ViewController.swift */,
				DEA908A726FC0BB90082BF24 /* Task.swift */,
				DE7C4DBA270C568B0088E1A0 /* Category.swift */,
				DEA908A526FBF0100082BF24 /* InputViewController.swift */,
				DE6276C726F9FD8300E089B1 /* Main.storyboard */,
				DE6276CA26F9FD8400E089B1 /* Assets.xcassets */,
				DE6276CC26F9FD8400E089B1 /* LaunchScreen.storyboard */,
				DE6276CF26F9FD8400E089B1 /* Info.plist */,
			);
			path = taskapp;
			sourceTree = "<group>";
		};
		F20DABE23479C90FEF95639C /* Pods */ = {
			isa = PBXGroup;
			children = (
				D0BB71A33ED0C9D8566FA8A5 /* Pods-taskapp.debug.xcconfig */,
				CBB70D5DEB1B0287605E39D6 /* Pods-taskapp.release.xcconfig */,
			);
			path = Pods;
			sourceTree = "<group>";
		};
/* End PBXGroup section */

/* Begin PBXNativeTarget section */
		DE6276BD26F9FD8300E089B1 /* taskapp */ = {
			isa = PBXNativeTarget;
			buildConfigurationList = DE6276D226F9FD8400E089B1 /* Build configuration list for PBXNativeTarget "taskapp" */;
			buildPhases = (
				65BF3DE5B87307B519D38D7F /* [CP] Check Pods Manifest.lock */,
				DE6276BA26F9FD8300E089B1 /* Sources */,
				DE6276BB26F9FD8300E089B1 /* Frameworks */,
				DE6276BC26F9FD8300E089B1 /* Resources */,
				69CDC45F1762EEDBB7B26D86 /* [CP] Embed Pods Frameworks */,
			);
			buildRules = (
			);
			dependencies = (
			);
			name = taskapp;
			productName = taskapp;
			productReference = DE6276BE26F9FD8300E089B1 /* taskapp.app */;
			productType = "com.apple.product-type.application";
		};
/* End PBXNativeTarget section */

/* Begin PBXProject section */
		DE6276B626F9FD8300E089B1 /* Project object */ = {
			isa = PBXProject;
			attributes = {
				LastSwiftUpdateCheck = 1250;
				LastUpgradeCheck = 1250;
				TargetAttributes = {
					DE6276BD26F9FD8300E089B1 = {
						CreatedOnToolsVersion = 12.5.1;
					};
				};
			};
			buildConfigurationList = DE6276B926F9FD8300E089B1 /* Build configuration list for PBXProject "taskapp" */;
			compatibilityVersion = "Xcode 9.3";
			developmentRegion = en;
			hasScannedForEncodings = 0;
			knownRegions = (
				en,
				Base,
			);
			mainGroup = DE6276B526F9FD8300E089B1;
			productRefGroup = DE6276BF26F9FD8300E089B1 /* Products */;
			projectDirPath = "";
			projectRoot = "";
			targets = (
				DE6276BD26F9FD8300E089B1 /* taskapp */,
			);
		};
/* End PBXProject section */

/* Begin PBXResourcesBuildPhase section */
		DE6276BC26F9FD8300E089B1 /* Resources */ = {
			isa = PBXResourcesBuildPhase;
			buildActionMask = 2147483647;
			files = (
				DE6276CE26F9FD8400E089B1 /* LaunchScreen.storyboard in Resources */,
				DE6276CB26F9FD8400E089B1 /* Assets.xcassets in Resources */,
				DE6276C926F9FD8300E089B1 /* Main.storyboard in Resources */,
			);
			runOnlyForDeploymentPostprocessing = 0;
		};
/* End PBXResourcesBuildPhase section */

/* Begin PBXShellScriptBuildPhase section */
		65BF3DE5B87307B519D38D7F /* [CP] Check Pods Manifest.lock */ = {
			isa = PBXShellScriptBuildPhase;
			buildActionMask = 2147483647;
			files = (
			);
			inputFileListPaths = (
			);
			inputPaths = (
				"${PODS_PODFILE_DIR_PATH}/Podfile.lock",
				"${PODS_ROOT}/Manifest.lock",
			);
			name = "[CP] Check Pods Manifest.lock";
			outputFileListPaths = (
			);
			outputPaths = (
				"$(DERIVED_FILE_DIR)/Pods-taskapp-checkManifestLockResult.txt",
			);
			runOnlyForDeploymentPostprocessing = 0;
			shellPath = /bin/sh;
			shellScript = "diff \"${PODS_PODFILE_DIR_PATH}/Podfile.lock\" \"${PODS_ROOT}/Manifest.lock\" > /dev/null\nif [ $? != 0 ] ; then\n    # print error to STDERR\n    echo \"error: The sandbox is not in sync with the Podfile.lock. Run 'pod install' or update your CocoaPods installation.\" >&2\n    exit 1\nfi\n# This output is used by Xcode 'outputs' to avoid re-running this script phase.\necho \"SUCCESS\" > \"${SCRIPT_OUTPUT_FILE_0}\"\n";
			showEnvVarsInLog = 0;
		};
		69CDC45F1762EEDBB7B26D86 /* [CP] Embed Pods Frameworks */ = {
			isa = PBXShellScriptBuildPhase;
			buildActionMask = 2147483647;
			files = (
			);
			inputFileListPaths = (
				"${PODS_ROOT}/Target Support Files/Pods-taskapp/Pods-taskapp-frameworks-${CONFIGURATION}-input-files.xcfilelist",
			);
			name = "[CP] Embed Pods Frameworks";
			outputFileListPaths = (
				"${PODS_ROOT}/Target Support Files/Pods-taskapp/Pods-taskapp-frameworks-${CONFIGURATION}-output-files.xcfilelist",
			);
			runOnlyForDeploymentPostprocessing = 0;
			shellPath = /bin/sh;
			shellScript = "\"${PODS_ROOT}/Target Support Files/Pods-taskapp/Pods-taskapp-frameworks.sh\"\n";
			showEnvVarsInLog = 0;
		};
/* End PBXShellScriptBuildPhase section */

/* Begin PBXSourcesBuildPhase section */
		DE6276BA26F9FD8300E089B1 /* Sources */ = {
			isa = PBXSourcesBuildPhase;
			buildActionMask = 2147483647;
			files = (
				DE6276C626F9FD8300E089B1 /* ViewController.swift in Sources */,
				DE6276C226F9FD8300E089B1 /* AppDelegate.swift in Sources */,
				DEA908A826FC0BB90082BF24 /* Task.swift in Sources */,
				DE6276C426F9FD8300E089B1 /* SceneDelegate.swift in Sources */,
				DEA908A626FBF0100082BF24 /* InputViewController.swift in Sources */,
				DE7C4DBB270C568B0088E1A0 /* Category.swift in Sources */,
			);
			runOnlyForDeploymentPostprocessing = 0;
		};
/* End PBXSourcesBuildPhase section */

/* Begin PBXVariantGroup section */
		DE6276C726F9FD8300E089B1 /* Main.storyboard */ = {
			isa = PBXVariantGroup;
			children = (
				DE6276C826F9FD8300E089B1 /* Base */,
			);
			name = Main.storyboard;
			sourceTree = "<group>";
		};
		DE6276CC26F9FD8400E089B1 /* LaunchScreen.storyboard */ = {
			isa = PBXVariantGroup;
			children = (
				DE6276CD26F9FD8400E089B1 /* Base */,
			);
			name = LaunchScreen.storyboard;
			sourceTree = "<group>";
		};
/* End PBXVariantGroup section */

/* Begin XCBuildConfiguration section */
		DE6276D026F9FD8400E089B1 /* Debug */ = {
			isa = XCBuildConfiguration;
			buildSettings = {
				ALWAYS_SEARCH_USER_PATHS = NO;
				CLANG_ANALYZER_NONNULL = YES;
				CLANG_ANALYZER_NUMBER_OBJECT_CONVERSION = YES_AGGRESSIVE;
				CLANG_CXX_LANGUAGE_STANDARD = "gnu++14";
				CLANG_CXX_LIBRARY = "libc++";
				CLANG_ENABLE_MODULES = YES;
				CLANG_ENABLE_OBJC_ARC = YES;
				CLANG_ENABLE_OBJC_WEAK = YES;
				CLANG_WARN_BLOCK_CAPTURE_AUTORELEASING = YES;
				CLANG_WARN_BOOL_CONVERSION = YES;
				CLANG_WARN_COMMA = YES;
				CLANG_WARN_CONSTANT_CONVERSION = YES;
				CLANG_WARN_DEPRECATED_OBJC_IMPLEMENTATIONS = YES;
				CLANG_WARN_DIRECT_OBJC_ISA_USAGE = YES_ERROR;
				CLANG_WARN_DOCUMENTATION_COMMENTS = YES;
				CLANG_WARN_EMPTY_BODY = YES;
				CLANG_WARN_ENUM_CONVERSION = YES;
				CLANG_WARN_INFINITE_RECURSION = YES;
				CLANG_WARN_INT_CONVERSION = YES;
				CLANG_WARN_NON_LITERAL_NULL_CONVERSION = YES;
				CLANG_WARN_OBJC_IMPLICIT_RETAIN_SELF = YES;
				CLANG_WARN_OBJC_LITERAL_CONVERSION = YES;
				CLANG_WARN_OBJC_ROOT_CLASS = YES_ERROR;
				CLANG_WARN_QUOTED_INCLUDE_IN_FRAMEWORK_HEADER = YES;
				CLANG_WARN_RANGE_LOOP_ANALYSIS = YES;
				CLANG_WARN_STRICT_PROTOTYPES = YES;
				CLANG_WARN_SUSPICIOUS_MOVE = YES;
				CLANG_WARN_UNGUARDED_AVAILABILITY = YES_AGGRESSIVE;
				CLANG_WARN_UNREACHABLE_CODE = YES;
				CLANG_WARN__DUPLICATE_METHOD_MATCH = YES;
				COPY_PHASE_STRIP = NO;
				DEBUG_INFORMATION_FORMAT = dwarf;
				ENABLE_STRICT_OBJC_MSGSEND = YES;
				ENABLE_TESTABILITY = YES;
				GCC_C_LANGUAGE_STANDARD = gnu11;
				GCC_DYNAMIC_NO_PIC = NO;
				GCC_NO_COMMON_BLOCKS = YES;
				GCC_OPTIMIZATION_LEVEL = 0;
				GCC_PREPROCESSOR_DEFINITIONS = (
					"DEBUG=1",
					"$(inherited)",
				);
				GCC_WARN_64_TO_32_BIT_CONVERSION = YES;
				GCC_WARN_ABOUT_RETURN_TYPE = YES_ERROR;
				GCC_WARN_UNDECLARED_SELECTOR = YES;
				GCC_WARN_UNINITIALIZED_AUTOS = YES_AGGRESSIVE;
				GCC_WARN_UNUSED_FUNCTION = YES;
				GCC_WARN_UNUSED_VARIABLE = YES;
				IPHONEOS_DEPLOYMENT_TARGET = 14.5;
				MTL_ENABLE_DEBUG_INFO = INCLUDE_SOURCE;
				MTL_FAST_MATH = YES;
				ONLY_ACTIVE_ARCH = YES;
				SDKROOT = iphoneos;
				SWIFT_ACTIVE_COMPILATION_CONDITIONS = DEBUG;
				SWIFT_OPTIMIZATION_LEVEL = "-Onone";
			};
			name = Debug;
		};
		DE6276D126F9FD8400E089B1 /* Release */ = {
			isa = XCBuildConfiguration;
			buildSettings = {
				ALWAYS_SEARCH_USER_PATHS = NO;
				CLANG_ANALYZER_NONNULL = YES;
				CLANG_ANALYZER_NUMBER_OBJECT_CONVERSION = YES_AGGRESSIVE;
				CLANG_CXX_LANGUAGE_STANDARD = "gnu++14";
				CLANG_CXX_LIBRARY = "libc++";
				CLANG_ENABLE_MODULES = YES;
				CLANG_ENABLE_OBJC_ARC = YES;
				CLANG_ENABLE_OBJC_WEAK = YES;
				CLANG_WARN_BLOCK_CAPTURE_AUTORELEASING = YES;
				CLANG_WARN_BOOL_CONVERSION = YES;
				CLANG_WARN_COMMA = YES;
				CLANG_WARN_CONSTANT_CONVERSION = YES;
				CLANG_WARN_DEPRECATED_OBJC_IMPLEMENTATIONS = YES;
				CLANG_WARN_DIRECT_OBJC_ISA_USAGE = YES_ERROR;
				CLANG_WARN_DOCUMENTATION_COMMENTS = YES;
				CLANG_WARN_EMPTY_BODY = YES;
				CLANG_WARN_ENUM_CONVERSION = YES;
				CLANG_WARN_INFINITE_RECURSION = YES;
				CLANG_WARN_INT_CONVERSION = YES;
				CLANG_WARN_NON_LITERAL_NULL_CONVERSION = YES;
				CLANG_WARN_OBJC_IMPLICIT_RETAIN_SELF = YES;
				CLANG_WARN_OBJC_LITERAL_CONVERSION = YES;
				CLANG_WARN_OBJC_ROOT_CLASS = YES_ERROR;
				CLANG_WARN_QUOTED_INCLUDE_IN_FRAMEWORK_HEADER = YES;
				CLANG_WARN_RANGE_LOOP_ANALYSIS = YES;
				CLANG_WARN_STRICT_PROTOTYPES = YES;
				CLANG_WARN_SUSPICIOUS_MOVE = YES;
				CLANG_WARN_UNGUARDED_AVAILABILITY = YES_AGGRESSIVE;
				CLANG_WARN_UNREACHABLE_CODE = YES;
				CLANG_WARN__DUPLICATE_METHOD_MATCH = YES;
				COPY_PHASE_STRIP = NO;
				DEBUG_INFORMATION_FORMAT = "dwarf-with-dsym";
				ENABLE_NS_ASSERTIONS = NO;
				ENABLE_STRICT_OBJC_MSGSEND = YES;
				GCC_C_LANGUAGE_STANDARD = gnu11;
				GCC_NO_COMMON_BLOCKS = YES;
				GCC_WARN_64_TO_32_BIT_CONVERSION = YES;
				GCC_WARN_ABOUT_RETURN_TYPE = YES_ERROR;
				GCC_WARN_UNDECLARED_SELECTOR = YES;
				GCC_WARN_UNINITIALIZED_AUTOS = YES_AGGRESSIVE;
				GCC_WARN_UNUSED_FUNCTION = YES;
				GCC_WARN_UNUSED_VARIABLE = YES;
				IPHONEOS_DEPLOYMENT_TARGET = 14.5;
				MTL_ENABLE_DEBUG_INFO = NO;
				MTL_FAST_MATH = YES;
				SDKROOT = iphoneos;
				SWIFT_COMPILATION_MODE = wholemodule;
				SWIFT_OPTIMIZATION_LEVEL = "-O";
				VALIDATE_PRODUCT = YES;
			};
			name = Release;
		};
		DE6276D326F9FD8400E089B1 /* Debug */ = {
			isa = XCBuildConfiguration;
			baseConfigurationReference = D0BB71A33ED0C9D8566FA8A5 /* Pods-taskapp.debug.xcconfig */;
			buildSettings = {
				ASSETCATALOG_COMPILER_APPICON_NAME = AppIcon;
				ASSETCATALOG_COMPILER_GLOBAL_ACCENT_COLOR_NAME = AccentColor;
				CODE_SIGN_STYLE = Automatic;
				INFOPLIST_FILE = taskapp/Info.plist;
				LD_RUNPATH_SEARCH_PATHS = (
					"$(inherited)",
					"@executable_path/Frameworks",
				);
				PRODUCT_BUNDLE_IDENTIFIER = jp.techacademy.subedi.krishna.taskapp;
				PRODUCT_NAME = "$(TARGET_NAME)";
				SWIFT_VERSION = 5.0;
				TARGETED_DEVICE_FAMILY = 1;
			};
			name = Debug;
		};
		DE6276D426F9FD8400E089B1 /* Release */ = {
			isa = XCBuildConfiguration;
			baseConfigurationReference = CBB70D5DEB1B0287605E39D6 /* Pods-taskapp.release.xcconfig */;
			buildSettings = {
				ASSETCATALOG_COMPILER_APPICON_NAME = AppIcon;
				ASSETCATALOG_COMPILER_GLOBAL_ACCENT_COLOR_NAME = AccentColor;
				CODE_SIGN_STYLE = Automatic;
				INFOPLIST_FILE = taskapp/Info.plist;
				LD_RUNPATH_SEARCH_PATHS = (
					"$(inherited)",
					"@executable_path/Frameworks",
				);
				PRODUCT_BUNDLE_IDENTIFIER = jp.techacademy.subedi.krishna.taskapp;
				PRODUCT_NAME = "$(TARGET_NAME)";
				SWIFT_VERSION = 5.0;
				TARGETED_DEVICE_FAMILY = 1;
			};
			name = Release;
		};
/* End XCBuildConfiguration section */

/* Begin XCConfigurationList section */
		DE6276B926F9FD8300E089B1 /* Build configuration list for PBXProject "taskapp" */ = {
			isa = XCConfigurationList;
			buildConfigurations = (
				DE6276D026F9FD8400E089B1 /* Debug */,
				DE6276D126F9FD8400E089B1 /* Release */,
			);
			defaultConfigurationIsVisible = 0;
			defaultConfigurationName = Release;
		};
		DE6276D226F9FD8400E089B1 /* Build configuration list for PBXNativeTarget "taskapp" */ = {
			isa = XCConfigurationList;
			buildConfigurations = (
				DE6276D326F9FD8400E089B1 /* Debug */,
				DE6276D426F9FD8400E089B1 /* Release */,
			);
			defaultConfigurationIsVisible = 0;
			defaultConfigurationName = Release;
		};
/* End XCConfigurationList section */
	};
	rootObject = DE6276B626F9FD8300E089B1 /* Project object */;
}
